
Microsoft Visual Studio Solution File, Format Version 12.00
# Visual Studio Version 17
VisualStudioVersion = 17.7.34202.233
MinimumVisualStudioVersion = 10.0.40219.1
Project("{8BC9CEB8-8B4A-11D0-8D11-00A0C91BC942}") = "CardEngine", "CardEngine\CardEngine.vcxproj", "{5271D90A-72BB-4B58-861C-7725E0FB7105}"
EndProject
Project("{8BC9CEB8-8B4A-11D0-8D11-00A0C91BC942}") = "GameConsole", "GameConsole\GameConsole.vcxproj", "{7DE0CD0D-5AFF-414C-8C0D-1C5AC662A2D5}"
EndProject
Project("{8BC9CEB8-8B4A-11D0-8D11-00A0C91BC942}") = "CardEngineTests", "CardEngineTests\CardEngineTests.vcxproj", "{72ABCD46-52CD-41DA-90E8-872998960FDF}"
EndProject
Project("{8BC9CEB8-8B4A-11D0-8D11-00A0C91BC942}") = "NetCodeColsoleTests", "NetCodeColsoleTests\NetCodeColsoleTests.vcxproj", "{F20F45B9-29AD-4162-83ED-F4F266D6903D}"
EndProject
Project("{8BC9CEB8-8B4A-11D0-8D11-00A0C91BC942}") = "NetLib", "NetLib\NetLib.vcxproj", "{251CD7BC-F08A-4018-8387-AAA9FCD42675}"
EndProject
Project("{8BC9CEB8-8B4A-11D0-8D11-00A0C91BC942}") = "NetLibTests", "NetLibTests\NetLibTests.vcxproj", "{66AC1A6C-AA4D-4551-9139-455DF7E5FE29}"
EndProject
Project("{8BC9CEB8-8B4A-11D0-8D11-00A0C91BC942}") = "MultiplayerGameTests", "MultiplayerGameTests\MultiplayerGameTests.vcxproj", "{05026183-F70B-45C4-951C-D93518E49FCF}"
EndProject
Project("{8BC9CEB8-8B4A-11D0-8D11-00A0C91BC942}") = "MultiplayerCardEngine", "MultiplayerCardEngine\MultiplayerCardEngine.vcxproj", "{B0F171FF-8A38-47B2-BC48-63052C938A4A}"
EndProject
Project("{8BC9CEB8-8B4A-11D0-8D11-00A0C91BC942}") = "GameServer", "GameServer\GameServer.vcxproj", "{15FBBAE3-744F-4D92-84CD-853A39DC5FF3}"
EndProject
Global
	GlobalSection(SolutionConfigurationPlatforms) = preSolution
		Debug|Any CPU = Debug|Any CPU
		Debug|x64 = Debug|x64
		Debug|x86 = Debug|x86
		Release|Any CPU = Release|Any CPU
		Release|x64 = Release|x64
		Release|x86 = Release|x86
	EndGlobalSection
	GlobalSection(ProjectConfigurationPlatforms) = postSolution
		{5271D90A-72BB-4B58-861C-7725E0FB7105}.Debug|Any CPU.ActiveCfg = Debug|x64
		{5271D90A-72BB-4B58-861C-7725E0FB7105}.Debug|Any CPU.Build.0 = Debug|x64
		{5271D90A-72BB-4B58-861C-7725E0FB7105}.Debug|x64.ActiveCfg = Debug|x64
		{5271D90A-72BB-4B58-861C-7725E0FB7105}.Debug|x64.Build.0 = Debug|x64
		{5271D90A-72BB-4B58-861C-7725E0FB7105}.Debug|x86.ActiveCfg = Debug|Win32
		{5271D90A-72BB-4B58-861C-7725E0FB7105}.Debug|x86.Build.0 = Debug|Win32
		{5271D90A-72BB-4B58-861C-7725E0FB7105}.Release|Any CPU.ActiveCfg = Release|x64
		{5271D90A-72BB-4B58-861C-7725E0FB7105}.Release|Any CPU.Build.0 = Release|x64
		{5271D90A-72BB-4B58-861C-7725E0FB7105}.Release|x64.ActiveCfg = Release|x64
		{5271D90A-72BB-4B58-861C-7725E0FB7105}.Release|x64.Build.0 = Release|x64
		{5271D90A-72BB-4B58-861C-7725E0FB7105}.Release|x86.ActiveCfg = Release|Win32
		{5271D90A-72BB-4B58-861C-7725E0FB7105}.Release|x86.Build.0 = Release|Win32
		{7DE0CD0D-5AFF-414C-8C0D-1C5AC662A2D5}.Debug|Any CPU.ActiveCfg = Debug|x64
		{7DE0CD0D-5AFF-414C-8C0D-1C5AC662A2D5}.Debug|Any CPU.Build.0 = Debug|x64
		{7DE0CD0D-5AFF-414C-8C0D-1C5AC662A2D5}.Debug|x64.ActiveCfg = Debug|x64
		{7DE0CD0D-5AFF-414C-8C0D-1C5AC662A2D5}.Debug|x64.Build.0 = Debug|x64
		{7DE0CD0D-5AFF-414C-8C0D-1C5AC662A2D5}.Debug|x86.ActiveCfg = Debug|Win32
		{7DE0CD0D-5AFF-414C-8C0D-1C5AC662A2D5}.Debug|x86.Build.0 = Debug|Win32
		{7DE0CD0D-5AFF-414C-8C0D-1C5AC662A2D5}.Release|Any CPU.ActiveCfg = Release|x64
		{7DE0CD0D-5AFF-414C-8C0D-1C5AC662A2D5}.Release|Any CPU.Build.0 = Release|x64
		{7DE0CD0D-5AFF-414C-8C0D-1C5AC662A2D5}.Release|x64.ActiveCfg = Release|x64
		{7DE0CD0D-5AFF-414C-8C0D-1C5AC662A2D5}.Release|x64.Build.0 = Release|x64
		{7DE0CD0D-5AFF-414C-8C0D-1C5AC662A2D5}.Release|x86.ActiveCfg = Release|Win32
		{7DE0CD0D-5AFF-414C-8C0D-1C5AC662A2D5}.Release|x86.Build.0 = Release|Win32
		{72ABCD46-52CD-41DA-90E8-872998960FDF}.Debug|Any CPU.ActiveCfg = Debug|x64
		{72ABCD46-52CD-41DA-90E8-872998960FDF}.Debug|Any CPU.Build.0 = Debug|x64
		{72ABCD46-52CD-41DA-90E8-872998960FDF}.Debug|x64.ActiveCfg = Debug|x64
		{72ABCD46-52CD-41DA-90E8-872998960FDF}.Debug|x64.Build.0 = Debug|x64
		{72ABCD46-52CD-41DA-90E8-872998960FDF}.Debug|x86.ActiveCfg = Debug|Win32
		{72ABCD46-52CD-41DA-90E8-872998960FDF}.Debug|x86.Build.0 = Debug|Win32
		{72ABCD46-52CD-41DA-90E8-872998960FDF}.Release|Any CPU.ActiveCfg = Release|x64
		{72ABCD46-52CD-41DA-90E8-872998960FDF}.Release|Any CPU.Build.0 = Release|x64
		{72ABCD46-52CD-41DA-90E8-872998960FDF}.Release|x64.ActiveCfg = Release|x64
		{72ABCD46-52CD-41DA-90E8-872998960FDF}.Release|x64.Build.0 = Release|x64
		{72ABCD46-52CD-41DA-90E8-872998960FDF}.Release|x86.ActiveCfg = Release|Win32
		{72ABCD46-52CD-41DA-90E8-872998960FDF}.Release|x86.Build.0 = Release|Win32
		{F20F45B9-29AD-4162-83ED-F4F266D6903D}.Debug|x64.ActiveCfg = Debug|x64
		{F20F45B9-29AD-4162-83ED-F4F266D6903D}.Debug|x64.Build.0 = Debug|x64
		{F20F45B9-29AD-4162-83ED-F4F266D6903D}.Debug|x86.ActiveCfg = Debug|Win32
		{F20F45B9-29AD-4162-83ED-F4F266D6903D}.Debug|x86.Build.0 = Debug|Win32
		{F20F45B9-29AD-4162-83ED-F4F266D6903D}.Release|x64.ActiveCfg = Release|x64
		{F20F45B9-29AD-4162-83ED-F4F266D6903D}.Release|x64.Build.0 = Release|x64
		{F20F45B9-29AD-4162-83ED-F4F266D6903D}.Release|x86.ActiveCfg = Release|Win32
		{F20F45B9-29AD-4162-83ED-F4F266D6903D}.Release|x86.Build.0 = Release|Win32
		{F20F45B9-29AD-4162-83ED-F4F266D6903D}.Debug|Any CPU.ActiveCfg = Debug|x64
		{F20F45B9-29AD-4162-83ED-F4F266D6903D}.Debug|Any CPU.Build.0 = Debug|x64
		{F20F45B9-29AD-4162-83ED-F4F266D6903D}.Release|Any CPU.ActiveCfg = Release|x64
		{F20F45B9-29AD-4162-83ED-F4F266D6903D}.Release|Any CPU.Build.0 = Release|x64
		{251CD7BC-F08A-4018-8387-AAA9FCD42675}.Debug|x64.ActiveCfg = Debug|x64
		{251CD7BC-F08A-4018-8387-AAA9FCD42675}.Debug|x64.Build.0 = Debug|x64
		{251CD7BC-F08A-4018-8387-AAA9FCD42675}.Debug|x86.ActiveCfg = Debug|Win32
		{251CD7BC-F08A-4018-8387-AAA9FCD42675}.Debug|x86.Build.0 = Debug|Win32
		{251CD7BC-F08A-4018-8387-AAA9FCD42675}.Release|x64.ActiveCfg = Release|x64
		{251CD7BC-F08A-4018-8387-AAA9FCD42675}.Release|x64.Build.0 = Release|x64
		{251CD7BC-F08A-4018-8387-AAA9FCD42675}.Release|x86.ActiveCfg = Release|Win32
		{251CD7BC-F08A-4018-8387-AAA9FCD42675}.Release|x86.Build.0 = Release|Win32
		{251CD7BC-F08A-4018-8387-AAA9FCD42675}.Debug|Any CPU.ActiveCfg = Debug|x64
		{251CD7BC-F08A-4018-8387-AAA9FCD42675}.Debug|Any CPU.Build.0 = Debug|x64
		{251CD7BC-F08A-4018-8387-AAA9FCD42675}.Release|Any CPU.ActiveCfg = Release|x64
		{251CD7BC-F08A-4018-8387-AAA9FCD42675}.Release|Any CPU.Build.0 = Release|x64
		{66AC1A6C-AA4D-4551-9139-455DF7E5FE29}.Debug|x64.ActiveCfg = Debug|x64
		{66AC1A6C-AA4D-4551-9139-455DF7E5FE29}.Debug|x64.Build.0 = Debug|x64
		{66AC1A6C-AA4D-4551-9139-455DF7E5FE29}.Debug|x86.ActiveCfg = Debug|Win32
		{66AC1A6C-AA4D-4551-9139-455DF7E5FE29}.Debug|x86.Build.0 = Debug|Win32
		{66AC1A6C-AA4D-4551-9139-455DF7E5FE29}.Release|x64.ActiveCfg = Release|x64
		{66AC1A6C-AA4D-4551-9139-455DF7E5FE29}.Release|x64.Build.0 = Release|x64
		{66AC1A6C-AA4D-4551-9139-455DF7E5FE29}.Release|x86.ActiveCfg = Release|Win32
		{66AC1A6C-AA4D-4551-9139-455DF7E5FE29}.Release|x86.Build.0 = Release|Win32
		{66AC1A6C-AA4D-4551-9139-455DF7E5FE29}.Debug|Any CPU.ActiveCfg = Debug|x64
		{66AC1A6C-AA4D-4551-9139-455DF7E5FE29}.Debug|Any CPU.Build.0 = Debug|x64
		{66AC1A6C-AA4D-4551-9139-455DF7E5FE29}.Release|Any CPU.ActiveCfg = Release|x64
		{66AC1A6C-AA4D-4551-9139-455DF7E5FE29}.Release|Any CPU.Build.0 = Release|x64
		{05026183-F70B-45C4-951C-D93518E49FCF}.Debug|x64.ActiveCfg = Debug|x64
		{05026183-F70B-45C4-951C-D93518E49FCF}.Debug|x64.Build.0 = Debug|x64
		{05026183-F70B-45C4-951C-D93518E49FCF}.Debug|x86.ActiveCfg = Debug|Win32
		{05026183-F70B-45C4-951C-D93518E49FCF}.Debug|x86.Build.0 = Debug|Win32
		{05026183-F70B-45C4-951C-D93518E49FCF}.Release|x64.ActiveCfg = Release|x64
		{05026183-F70B-45C4-951C-D93518E49FCF}.Release|x64.Build.0 = Release|x64
		{05026183-F70B-45C4-951C-D93518E49FCF}.Release|x86.ActiveCfg = Release|Win32
		{05026183-F70B-45C4-951C-D93518E49FCF}.Release|x86.Build.0 = Release|Win32
		{05026183-F70B-45C4-951C-D93518E49FCF}.Debug|Any CPU.ActiveCfg = Debug|x64
		{05026183-F70B-45C4-951C-D93518E49FCF}.Debug|Any CPU.Build.0 = Debug|x64
		{05026183-F70B-45C4-951C-D93518E49FCF}.Release|Any CPU.ActiveCfg = Release|x64
		{05026183-F70B-45C4-951C-D93518E49FCF}.Release|Any CPU.Build.0 = Release|x64
		{B0F171FF-8A38-47B2-BC48-63052C938A4A}.Debug|x64.ActiveCfg = Debug|x64
		{B0F171FF-8A38-47B2-BC48-63052C938A4A}.Debug|x64.Build.0 = Debug|x64
		{B0F171FF-8A38-47B2-BC48-63052C938A4A}.Debug|x86.ActiveCfg = Debug|Win32
		{B0F171FF-8A38-47B2-BC48-63052C938A4A}.Debug|x86.Build.0 = Debug|Win32
		{B0F171FF-8A38-47B2-BC48-63052C938A4A}.Release|x64.ActiveCfg = Release|x64
		{B0F171FF-8A38-47B2-BC48-63052C938A4A}.Release|x64.Build.0 = Release|x64
		{B0F171FF-8A38-47B2-BC48-63052C938A4A}.Release|x86.ActiveCfg = Release|Win32
		{B0F171FF-8A38-47B2-BC48-63052C938A4A}.Release|x86.Build.0 = Release|Win32
		{B0F171FF-8A38-47B2-BC48-63052C938A4A}.Debug|Any CPU.ActiveCfg = Debug|x64
		{B0F171FF-8A38-47B2-BC48-63052C938A4A}.Debug|Any CPU.Build.0 = Debug|x64
		{B0F171FF-8A38-47B2-BC48-63052C938A4A}.Release|Any CPU.ActiveCfg = Release|x64
		{B0F171FF-8A38-47B2-BC48-63052C938A4A}.Release|Any CPU.Build.0 = Release|x64
		{15FBBAE3-744F-4D92-84CD-853A39DC5FF3}.Debug|x64.ActiveCfg = Debug|x64
		{15FBBAE3-744F-4D92-84CD-853A39DC5FF3}.Debug|x64.Build.0 = Debug|x64
		{15FBBAE3-744F-4D92-84CD-853A39DC5FF3}.Debug|x86.ActiveCfg = Debug|Win32
		{15FBBAE3-744F-4D92-84CD-853A39DC5FF3}.Debug|x86.Build.0 = Debug|Win32
		{15FBBAE3-744F-4D92-84CD-853A39DC5FF3}.Release|x64.ActiveCfg = Release|x64
		{15FBBAE3-744F-4D92-84CD-853A39DC5FF3}.Release|x64.Build.0 = Release|x64
		{15FBBAE3-744F-4D92-84CD-853A39DC5FF3}.Release|x86.ActiveCfg = Release|Win32
		{15FBBAE3-744F-4D92-84CD-853A39DC5FF3}.Release|x86.Build.0 = Release|Win32
		{15FBBAE3-744F-4D92-84CD-853A39DC5FF3}.Debug|Any CPU.ActiveCfg = Debug|x64
		{15FBBAE3-744F-4D92-84CD-853A39DC5FF3}.Debug|Any CPU.Build.0 = Debug|x64
		{15FBBAE3-744F-4D92-84CD-853A39DC5FF3}.Release|Any CPU.ActiveCfg = Release|x64
		{15FBBAE3-744F-4D92-84CD-853A39DC5FF3}.Release|Any CPU.Build.0 = Release|x64
	EndGlobalSection
	GlobalSection(SolutionProperties) = preSolution
		HideSolutionNode = FALSE
	EndGlobalSection
	GlobalSection(ExtensibilityGlobals) = postSolution
		SolutionGuid = {FE8DE826-AB2D-4B1D-944B-EF0A427D6B40}
	EndGlobalSection
EndGlobal
